// !$*UTF8*$!
{
	archiveVersion = 1;
	classes = {
	};
	objectVersion = 46;
	objects = {

/* Begin PBXBuildFile section */
		67084074162DE72C00B8E296 /* MemoryFree.cpp in Sources */ = {isa = PBXBuildFile; fileRef = 67084073162DE72C00B8E296 /* MemoryFree.cpp */; };
		67209A8E16278A63004038A1 /* scheduler.h in Sources */ = {isa = PBXBuildFile; fileRef = 67C09A8E16278A63004038A1 /* scheduler.h */; };
		67209A92162798A6004038A1 /* println.h in Sources */ = {isa = PBXBuildFile; fileRef = 67C09A92162798A6004038A1 /* println.h */; };
		6727508615C99600003F30DA /* ds_motor.pde in Sources */ = {isa = PBXBuildFile; fileRef = 6797508615C99600003F30DA /* ds_motor.pde */; };
		6727508915C99600003F30DA /* LocalLibrary.h in Sources */ = {isa = PBXBuildFile; fileRef = 6797508915C99600003F30DA /* LocalLibrary.h */; };
		672753E915C9A0B8003F30DA /* time.h in Sources */ = {isa = PBXBuildFile; fileRef = 679753E915C9A0B8003F30DA /* time.h */; };
		67284072162DE6F800B8E296 /* MemoryFree.h in Sources */ = {isa = PBXBuildFile; fileRef = 67084072162DE6F800B8E296 /* MemoryFree.h */; };
		67296241162373CE00067E14 /* eeprom.h in Sources */ = {isa = PBXBuildFile; fileRef = 67E96241162373CE00067E14 /* eeprom.h */; };
		6782B4D51C355E7700B1E5F9 /* motor.cpp in Sources */ = {isa = PBXBuildFile; fileRef = 6782B4D31C355E7700B1E5F9 /* motor.cpp */; };
		6791908C1C2B3DAC00A7522E /* Adafruit_MotorShield.cpp in Sources */ = {isa = PBXBuildFile; fileRef = 679190751C2B3DAC00A7522E /* Adafruit_MotorShield.cpp */; };
		6791908D1C2B3DAC00A7522E /* README.md in Sources */ = {isa = PBXBuildFile; fileRef = 679190871C2B3DAC00A7522E /* README.md */; };
		6791908E1C2B3DAC00A7522E /* Adafruit_PWMServoDriver.cpp in Sources */ = {isa = PBXBuildFile; fileRef = 679190891C2B3DAC00A7522E /* Adafruit_PWMServoDriver.cpp */; };
		6797508815C99600003F30DA /* LocalLibrary.cpp in Sources */ = {isa = PBXBuildFile; fileRef = 6797508715C99600003F30DA /* LocalLibrary.cpp */; };
		679753EA15C9A0B8003F30DA /* time.cpp in Sources */ = {isa = PBXBuildFile; fileRef = 679753E815C9A0B8003F30DA /* time.cpp */; };
		679753EB15C9A615003F30DA /* ds_motor.pde in Sources */ = {isa = PBXBuildFile; fileRef = 6797508615C99600003F30DA /* ds_motor.pde */; };
		67C09A9016278A7B004038A1 /* scheduler.cpp in Sources */ = {isa = PBXBuildFile; fileRef = 67C09A8F16278A7B004038A1 /* scheduler.cpp */; };
		67C09A94162798B2004038A1 /* println.cpp in Sources */ = {isa = PBXBuildFile; fileRef = 67C09A93162798B2004038A1 /* println.cpp */; };
		67E96243162374DF00067E14 /* eeprom.cpp in Sources */ = {isa = PBXBuildFile; fileRef = 67E96242162374DF00067E14 /* eeprom.cpp */; };
/* End PBXBuildFile section */

/* Begin PBXFileReference section */
		67084072162DE6F800B8E296 /* MemoryFree.h */ = {isa = PBXFileReference; fileEncoding = 4; lastKnownFileType = sourcecode.c.h; path = MemoryFree.h; sourceTree = "<group>"; };
		67084073162DE72C00B8E296 /* MemoryFree.cpp */ = {isa = PBXFileReference; fileEncoding = 4; lastKnownFileType = sourcecode.cpp.cpp; path = MemoryFree.cpp; sourceTree = "<group>"; };
		6782B4D31C355E7700B1E5F9 /* motor.cpp */ = {isa = PBXFileReference; fileEncoding = 4; lastKnownFileType = sourcecode.cpp.cpp; path = motor.cpp; sourceTree = "<group>"; };
		6782B4D41C355E7700B1E5F9 /* motor.hpp */ = {isa = PBXFileReference; fileEncoding = 4; lastKnownFileType = sourcecode.cpp.h; path = motor.hpp; sourceTree = "<group>"; };
		6782B4D71C37470A00B1E5F9 /* Common.mk */ = {isa = PBXFileReference; fileEncoding = 4; lastKnownFileType = text; path = Common.mk; sourceTree = "<group>"; };
		6782B4D81C37470A00B1E5F9 /* Arduino.mk */ = {isa = PBXFileReference; fileEncoding = 4; lastKnownFileType = text; path = Arduino.mk; sourceTree = "<group>"; };
		6782B4DA1C37471C00B1E5F9 /* ard-reset-arduino */ = {isa = PBXFileReference; fileEncoding = 4; lastKnownFileType = text; path = "ard-reset-arduino"; sourceTree = "<group>"; };
		679190751C2B3DAC00A7522E /* Adafruit_MotorShield.cpp */ = {isa = PBXFileReference; explicitFileType = sourcecode.cpp.cpp; fileEncoding = 4; path = Adafruit_MotorShield.cpp; sourceTree = "<group>"; };
		679190761C2B3DAC00A7522E /* Adafruit_MotorShield.h */ = {isa = PBXFileReference; explicitFileType = sourcecode.cpp.h; fileEncoding = 4; path = Adafruit_MotorShield.h; sourceTree = "<group>"; };
		679190791C2B3DAC00A7522E /* Accel_ConstantSpeed.ino */ = {isa = PBXFileReference; fileEncoding = 4; lastKnownFileType = text; path = Accel_ConstantSpeed.ino; sourceTree = "<group>"; };
		6791907B1C2B3DAC00A7522E /* Accel_MultiStepper.ino */ = {isa = PBXFileReference; fileEncoding = 4; lastKnownFileType = text; path = Accel_MultiStepper.ino; sourceTree = "<group>"; };
		6791907D1C2B3DAC00A7522E /* DCMotorTest.ino */ = {isa = PBXFileReference; fileEncoding = 4; lastKnownFileType = text; path = DCMotorTest.ino; sourceTree = "<group>"; };
		6791907F1C2B3DAC00A7522E /* MotorParty.ino */ = {isa = PBXFileReference; fileEncoding = 4; lastKnownFileType = text; path = MotorParty.ino; sourceTree = "<group>"; };
		679190811C2B3DAC00A7522E /* StackingTest.ino */ = {isa = PBXFileReference; fileEncoding = 4; lastKnownFileType = text; path = StackingTest.ino; sourceTree = "<group>"; };
		679190831C2B3DAC00A7522E /* StepperTest.ino */ = {isa = PBXFileReference; fileEncoding = 4; lastKnownFileType = text; path = StepperTest.ino; sourceTree = "<group>"; };
		679190841C2B3DAC00A7522E /* keywords.txt */ = {isa = PBXFileReference; fileEncoding = 4; lastKnownFileType = text; path = keywords.txt; sourceTree = "<group>"; };
		679190851C2B3DAC00A7522E /* library.properties */ = {isa = PBXFileReference; fileEncoding = 4; lastKnownFileType = text; path = library.properties; sourceTree = "<group>"; };
		679190861C2B3DAC00A7522E /* license.txt */ = {isa = PBXFileReference; fileEncoding = 4; lastKnownFileType = text; path = license.txt; sourceTree = "<group>"; };
		679190871C2B3DAC00A7522E /* README.md */ = {isa = PBXFileReference; fileEncoding = 4; lastKnownFileType = net.daringfireball.markdown; path = README.md; sourceTree = "<group>"; };
		679190891C2B3DAC00A7522E /* Adafruit_PWMServoDriver.cpp */ = {isa = PBXFileReference; fileEncoding = 4; lastKnownFileType = sourcecode.cpp.cpp; path = Adafruit_PWMServoDriver.cpp; sourceTree = "<group>"; };
		6791908A1C2B3DAC00A7522E /* Adafruit_PWMServoDriver.h */ = {isa = PBXFileReference; fileEncoding = 4; lastKnownFileType = sourcecode.c.h; path = Adafruit_PWMServoDriver.h; sourceTree = "<group>"; };
		6791908B1C2B3DAC00A7522E /* license.txt */ = {isa = PBXFileReference; fileEncoding = 4; lastKnownFileType = text; path = license.txt; sourceTree = "<group>"; };
		6797508615C99600003F30DA /* ds_motor.pde */ = {isa = PBXFileReference; explicitFileType = sourcecode.cpp.cpp; path = ds_motor.pde; sourceTree = "<group>"; };
		6797508715C99600003F30DA /* LocalLibrary.cpp */ = {isa = PBXFileReference; lastKnownFileType = sourcecode.cpp.cpp; path = LocalLibrary.cpp; sourceTree = "<group>"; };
		6797508915C99600003F30DA /* LocalLibrary.h */ = {isa = PBXFileReference; lastKnownFileType = sourcecode.c.h; path = LocalLibrary.h; sourceTree = "<group>"; };
		6797508A15C99600003F30DA /* Makefile */ = {isa = PBXFileReference; explicitFileType = sourcecode.make; path = Makefile; sourceTree = "<group>"; };
		6797508D15C99601003F30DA /* Sketchbook.txt */ = {isa = PBXFileReference; lastKnownFileType = text; path = Sketchbook.txt; sourceTree = "<group>"; };
		679753BE15C99607003F30DA /* ReadMe.txt */ = {isa = PBXFileReference; lastKnownFileType = text; path = ReadMe.txt; sourceTree = "<group>"; };
		679753E815C9A0B8003F30DA /* time.cpp */ = {isa = PBXFileReference; fileEncoding = 4; lastKnownFileType = sourcecode.cpp.cpp; name = time.cpp; path = ../libraries/dc_time/time.cpp; sourceTree = "<group>"; };
		679753E915C9A0B8003F30DA /* time.h */ = {isa = PBXFileReference; fileEncoding = 4; lastKnownFileType = sourcecode.c.h; name = time.h; path = ../libraries/dc_time/time.h; sourceTree = "<group>"; };
		67ADA8B41C3966A100C99C13 /* Index */ = {isa = PBXFileReference; explicitFileType = "compiled.mach-o.executable"; includeInIndex = 0; path = Index; sourceTree = BUILT_PRODUCTS_DIR; };
		67C09A8E16278A63004038A1 /* scheduler.h */ = {isa = PBXFileReference; fileEncoding = 4; lastKnownFileType = sourcecode.c.h; path = scheduler.h; sourceTree = "<group>"; };
		67C09A8F16278A7B004038A1 /* scheduler.cpp */ = {isa = PBXFileReference; fileEncoding = 4; lastKnownFileType = sourcecode.cpp.cpp; path = scheduler.cpp; sourceTree = "<group>"; };
		67C09A92162798A6004038A1 /* println.h */ = {isa = PBXFileReference; fileEncoding = 4; lastKnownFileType = sourcecode.c.h; path = println.h; sourceTree = "<group>"; };
		67C09A93162798B2004038A1 /* println.cpp */ = {isa = PBXFileReference; fileEncoding = 4; lastKnownFileType = sourcecode.cpp.cpp; path = println.cpp; sourceTree = "<group>"; };
		67E96241162373CE00067E14 /* eeprom.h */ = {isa = PBXFileReference; fileEncoding = 4; lastKnownFileType = sourcecode.c.h; path = eeprom.h; sourceTree = "<group>"; };
		67E96242162374DF00067E14 /* eeprom.cpp */ = {isa = PBXFileReference; fileEncoding = 4; lastKnownFileType = sourcecode.cpp.cpp; path = eeprom.cpp; sourceTree = "<group>"; };
/* End PBXFileReference section */

/* Begin PBXGroup section */
		67084070162DE6A300B8E296 /* MemoryFree */ = {
			isa = PBXGroup;
			children = (
				67084072162DE6F800B8E296 /* MemoryFree.h */,
				67084073162DE72C00B8E296 /* MemoryFree.cpp */,
			);
			name = MemoryFree;
			path = ../Libraries/MemoryFree;
			sourceTree = "<group>";
		};
		6782B4D91C37471C00B1E5F9 /* bin */ = {
			isa = PBXGroup;
			children = (
				6782B4DA1C37471C00B1E5F9 /* ard-reset-arduino */,
			);
			path = bin;
			sourceTree = "<group>";
		};
		679190741C2B3DAC00A7522E /* Adafruit_Motor_Shield_V2_Library */ = {
			isa = PBXGroup;
			children = (
				679190751C2B3DAC00A7522E /* Adafruit_MotorShield.cpp */,
				679190761C2B3DAC00A7522E /* Adafruit_MotorShield.h */,
				679190771C2B3DAC00A7522E /* examples */,
				679190841C2B3DAC00A7522E /* keywords.txt */,
				679190851C2B3DAC00A7522E /* library.properties */,
				679190861C2B3DAC00A7522E /* license.txt */,
				679190871C2B3DAC00A7522E /* README.md */,
				679190881C2B3DAC00A7522E /* utility */,
			);
			name = Adafruit_Motor_Shield_V2_Library;
			path = ../libraries/Adafruit_Motor_Shield_V2_Library;
			sourceTree = "<group>";
		};
		679190771C2B3DAC00A7522E /* examples */ = {
			isa = PBXGroup;
			children = (
				679190781C2B3DAC00A7522E /* Accel_ConstantSpeed */,
				6791907A1C2B3DAC00A7522E /* Accel_MultiStepper */,
				6791907C1C2B3DAC00A7522E /* DCMotorTest */,
				6791907E1C2B3DAC00A7522E /* MotorParty */,
				679190801C2B3DAC00A7522E /* StackingTest */,
				679190821C2B3DAC00A7522E /* StepperTest */,
			);
			path = examples;
			sourceTree = "<group>";
		};
		679190781C2B3DAC00A7522E /* Accel_ConstantSpeed */ = {
			isa = PBXGroup;
			children = (
				679190791C2B3DAC00A7522E /* Accel_ConstantSpeed.ino */,
			);
			path = Accel_ConstantSpeed;
			sourceTree = "<group>";
		};
		6791907A1C2B3DAC00A7522E /* Accel_MultiStepper */ = {
			isa = PBXGroup;
			children = (
				6791907B1C2B3DAC00A7522E /* Accel_MultiStepper.ino */,
			);
			path = Accel_MultiStepper;
			sourceTree = "<group>";
		};
		6791907C1C2B3DAC00A7522E /* DCMotorTest */ = {
			isa = PBXGroup;
			children = (
				6791907D1C2B3DAC00A7522E /* DCMotorTest.ino */,
			);
			path = DCMotorTest;
			sourceTree = "<group>";
		};
		6791907E1C2B3DAC00A7522E /* MotorParty */ = {
			isa = PBXGroup;
			children = (
				6791907F1C2B3DAC00A7522E /* MotorParty.ino */,
			);
			path = MotorParty;
			sourceTree = "<group>";
		};
		679190801C2B3DAC00A7522E /* StackingTest */ = {
			isa = PBXGroup;
			children = (
				679190811C2B3DAC00A7522E /* StackingTest.ino */,
			);
			path = StackingTest;
			sourceTree = "<group>";
		};
		679190821C2B3DAC00A7522E /* StepperTest */ = {
			isa = PBXGroup;
			children = (
				679190831C2B3DAC00A7522E /* StepperTest.ino */,
			);
			path = StepperTest;
			sourceTree = "<group>";
		};
		679190881C2B3DAC00A7522E /* utility */ = {
			isa = PBXGroup;
			children = (
				679190891C2B3DAC00A7522E /* Adafruit_PWMServoDriver.cpp */,
				6791908A1C2B3DAC00A7522E /* Adafruit_PWMServoDriver.h */,
				6791908B1C2B3DAC00A7522E /* license.txt */,
			);
			path = utility;
			sourceTree = "<group>";
		};
		6797506F15C99600003F30DA = {
			isa = PBXGroup;
			children = (
				6797508315C99600003F30DA /* ds_motor */,
				67ADA8B41C3966A100C99C13 /* Index */,
			);
			sourceTree = "<group>";
		};
		6797508315C99600003F30DA /* ds_motor */ = {
			isa = PBXGroup;
			children = (
				6782B4D91C37471C00B1E5F9 /* bin */,
				6782B4D71C37470A00B1E5F9 /* Common.mk */,
				6782B4D81C37470A00B1E5F9 /* Arduino.mk */,
				6782B4D31C355E7700B1E5F9 /* motor.cpp */,
				6782B4D41C355E7700B1E5F9 /* motor.hpp */,
				6797508615C99600003F30DA /* ds_motor.pde */,
				6797508915C99600003F30DA /* LocalLibrary.h */,
				6797508715C99600003F30DA /* LocalLibrary.cpp */,
				6797508A15C99600003F30DA /* Makefile */,
				679753BE15C99607003F30DA /* ReadMe.txt */,
				6797508C15C99601003F30DA /* Sketchbook */,
			);
			path = ds_motor;
			sourceTree = "<group>";
		};
		6797508C15C99601003F30DA /* Sketchbook */ = {
			isa = PBXGroup;
			children = (
				679753E615C9A0B8003F30DA /* libraries */,
				6797508D15C99601003F30DA /* Sketchbook.txt */,
			);
			path = Sketchbook;
			sourceTree = "<group>";
		};
		679753E615C9A0B8003F30DA /* libraries */ = {
			isa = PBXGroup;
			children = (
				679190741C2B3DAC00A7522E /* Adafruit_Motor_Shield_V2_Library */,
				67084070162DE6A300B8E296 /* MemoryFree */,
				67C09A911627985E004038A1 /* print */,
				67C09A8C1627899B004038A1 /* scheduler */,
				67E9623F1623738200067E14 /* EEPROM */,
				679753E715C9A0B8003F30DA /* dc_time */,
			);
			name = libraries;
			path = ../../libraries;
			sourceTree = "<group>";
		};
		679753E715C9A0B8003F30DA /* dc_time */ = {
			isa = PBXGroup;
			children = (
				679753E815C9A0B8003F30DA /* time.cpp */,
				679753E915C9A0B8003F30DA /* time.h */,
			);
			path = dc_time;
			sourceTree = "<group>";
		};
		67C09A8C1627899B004038A1 /* scheduler */ = {
			isa = PBXGroup;
			children = (
				67C09A8E16278A63004038A1 /* scheduler.h */,
				67C09A8F16278A7B004038A1 /* scheduler.cpp */,
			);
			name = scheduler;
			path = ../Libraries/scheduler;
			sourceTree = "<group>";
		};
		67C09A911627985E004038A1 /* print */ = {
			isa = PBXGroup;
			children = (
				67C09A92162798A6004038A1 /* println.h */,
				67C09A93162798B2004038A1 /* println.cpp */,
			);
			name = print;
			path = ../Libraries/print;
			sourceTree = "<group>";
		};
		67E9623F1623738200067E14 /* EEPROM */ = {
			isa = PBXGroup;
			children = (
				67E96241162373CE00067E14 /* eeprom.h */,
				67E96242162374DF00067E14 /* eeprom.cpp */,
			);
			name = EEPROM;
			path = ../Libraries/EEPROM;
			sourceTree = "<group>";
		};
/* End PBXGroup section */

/* Begin PBXLegacyTarget section */
		6797507B15C99600003F30DA /* Boards */ = {
			isa = PBXLegacyTarget;
			buildArgumentsString = boards;
			buildConfigurationList = 679753CE15C99607003F30DA /* Build configuration list for PBXLegacyTarget "Boards" */;
			buildPhases = (
			);
			buildToolPath = make;
			buildWorkingDirectory = "$(PROJECT)";
			dependencies = (
			);
			name = Boards;
			passBuildSettingsInEnvironment = 1;
			productName = Boards;
		};
		6797507C15C99600003F30DA /* All */ = {
			isa = PBXLegacyTarget;
			buildArgumentsString = all;
			buildConfigurationList = 679753D115C99607003F30DA /* Build configuration list for PBXLegacyTarget "All" */;
			buildPhases = (
			);
			buildToolPath = make;
			buildWorkingDirectory = "$(PROJECT)";
			dependencies = (
			);
			name = All;
			passBuildSettingsInEnvironment = 1;
			productName = All;
		};
		6797507D15C99600003F30DA /* Serial */ = {
			isa = PBXLegacyTarget;
			buildArgumentsString = serial;
			buildConfigurationList = 679753D415C99607003F30DA /* Build configuration list for PBXLegacyTarget "Serial" */;
			buildPhases = (
			);
			buildToolPath = make;
			buildWorkingDirectory = "$(PROJECT)";
			dependencies = (
			);
			name = Serial;
			passBuildSettingsInEnvironment = 1;
			productName = Serial;
		};
		6797507E15C99600003F30DA /* Upload */ = {
			isa = PBXLegacyTarget;
			buildArgumentsString = upload;
			buildConfigurationList = 679753D715C99607003F30DA /* Build configuration list for PBXLegacyTarget "Upload" */;
			buildPhases = (
			);
			buildToolPath = make;
			buildWorkingDirectory = "$(PROJECT)";
			dependencies = (
			);
			name = Upload;
			passBuildSettingsInEnvironment = 1;
			productName = Upload;
		};
		6797507F15C99600003F30DA /* Clean */ = {
			isa = PBXLegacyTarget;
			buildArgumentsString = clean;
			buildConfigurationList = 679753DA15C99607003F30DA /* Build configuration list for PBXLegacyTarget "Clean" */;
			buildPhases = (
			);
			buildToolPath = make;
			buildWorkingDirectory = "$(PROJECT)";
			dependencies = (
			);
			name = Clean;
			passBuildSettingsInEnvironment = 1;
			productName = Clean;
		};
		6797508015C99600003F30DA /* Make */ = {
			isa = PBXLegacyTarget;
			buildArgumentsString = "make ";
			buildConfigurationList = 679753DD15C99607003F30DA /* Build configuration list for PBXLegacyTarget "Make" */;
			buildPhases = (
			);
			buildToolPath = make;
			buildWorkingDirectory = "$(PROJECT)";
			dependencies = (
			);
			name = Make;
			passBuildSettingsInEnvironment = 1;
			productName = Make;
		};
		6797508115C99600003F30DA /* Build */ = {
			isa = PBXLegacyTarget;
			buildArgumentsString = build;
			buildConfigurationList = 679753E015C99607003F30DA /* Build configuration list for PBXLegacyTarget "Build" */;
			buildPhases = (
			);
			buildToolPath = make;
			buildWorkingDirectory = "$(PROJECT)";
			dependencies = (
			);
			name = Build;
			passBuildSettingsInEnvironment = 1;
			productName = Build;
		};
		6797508215C99600003F30DA /* Document */ = {
			isa = PBXLegacyTarget;
			buildArgumentsString = "document ";
			buildConfigurationList = 679753E315C99607003F30DA /* Build configuration list for PBXLegacyTarget "Document" */;
			buildPhases = (
			);
			buildToolPath = make;
			buildWorkingDirectory = "$(PROJECT)";
			dependencies = (
			);
			name = Document;
			passBuildSettingsInEnvironment = 1;
			productName = Document;
		};
/* End PBXLegacyTarget section */

/* Begin PBXNativeTarget section */
		6797507715C99600003F30DA /* Index */ = {
			isa = PBXNativeTarget;
			buildConfigurationList = 679753CB15C99607003F30DA /* Build configuration list for PBXNativeTarget "Index" */;
			buildPhases = (
				6797507615C99600003F30DA /* Sources */,
			);
			buildRules = (
			);
			dependencies = (
			);
			name = Index;
			productName = Index;
			productReference = 67ADA8B41C3966A100C99C13 /* Index */;
			productType = "com.apple.product-type.tool";
		};
/* End PBXNativeTarget section */

/* Begin PBXProject section */
		6797507115C99600003F30DA /* Project object */ = {
			isa = PBXProject;
			attributes = {
				LastUpgradeCheck = 0720;
			};
			buildConfigurationList = 6797507415C99600003F30DA /* Build configuration list for PBXProject "ds_motor" */;
			compatibilityVersion = "Xcode 3.2";
			developmentRegion = English;
			hasScannedForEncodings = 0;
			knownRegions = (
				en,
			);
			mainGroup = 6797506F15C99600003F30DA;
			productRefGroup = 6797506F15C99600003F30DA;
			projectDirPath = "";
			projectRoot = "";
			targets = (
				6797507715C99600003F30DA /* Index */,
				6797507B15C99600003F30DA /* Boards */,
				6797507C15C99600003F30DA /* All */,
				6797507D15C99600003F30DA /* Serial */,
				6797507E15C99600003F30DA /* Upload */,
				6797507F15C99600003F30DA /* Clean */,
				6797508015C99600003F30DA /* Make */,
				6797508115C99600003F30DA /* Build */,
				6797508215C99600003F30DA /* Document */,
			);
		};
/* End PBXProject section */

/* Begin PBXSourcesBuildPhase section */
		6797507615C99600003F30DA /* Sources */ = {
			isa = PBXSourcesBuildPhase;
			buildActionMask = 2147483647;
			files = (
				679753EB15C9A615003F30DA /* ds_motor.pde in Sources */,
				6797508815C99600003F30DA /* LocalLibrary.cpp in Sources */,
				679753EA15C9A0B8003F30DA /* time.cpp in Sources */,
				67E96243162374DF00067E14 /* eeprom.cpp in Sources */,
				67C09A9016278A7B004038A1 /* scheduler.cpp in Sources */,
				67C09A94162798B2004038A1 /* println.cpp in Sources */,
				67084074162DE72C00B8E296 /* MemoryFree.cpp in Sources */,
				67284072162DE6F800B8E296 /* MemoryFree.h in Sources */,
				6727508615C99600003F30DA /* ds_motor.pde in Sources */,
				6727508915C99600003F30DA /* LocalLibrary.h in Sources */,
				6791908D1C2B3DAC00A7522E /* README.md in Sources */,
				672753E915C9A0B8003F30DA /* time.h in Sources */,
				67209A8E16278A63004038A1 /* scheduler.h in Sources */,
				67209A92162798A6004038A1 /* println.h in Sources */,
				67296241162373CE00067E14 /* eeprom.h in Sources */,
				6791908C1C2B3DAC00A7522E /* Adafruit_MotorShield.cpp in Sources */,
				6791908E1C2B3DAC00A7522E /* Adafruit_PWMServoDriver.cpp in Sources */,
				6782B4D51C355E7700B1E5F9 /* motor.cpp in Sources */,
			);
			runOnlyForDeploymentPostprocessing = 0;
		};
/* End PBXSourcesBuildPhase section */

/* Begin XCBuildConfiguration section */
		679753C915C99607003F30DA /* Debug */ = {
			isa = XCBuildConfiguration;
			buildSettings = {
				ALWAYS_SEARCH_USER_PATHS = YES;
				ARDUINO = 101;
				COPY_PHASE_STRIP = NO;
				ENABLE_TESTABILITY = YES;
				GCC_C_LANGUAGE_STANDARD = gnu99;
				GCC_DYNAMIC_NO_PIC = NO;
				GCC_OPTIMIZATION_LEVEL = s;
				GCC_PREPROCESSOR_DEFINITIONS = (
					"DEBUG=1",
					"$(inherited)",
				);
				GCC_SYMBOLS_PRIVATE_EXTERN = NO;
				GCC_WARN_ABOUT_MISSING_PROTOTYPES = YES;
				GCC_WARN_ABOUT_RETURN_TYPE = YES;
				GCC_WARN_UNUSED_VARIABLE = YES;
				ONLY_ACTIVE_ARCH = YES;
				PATH = "$(PATH):$(PROJECT_DIR)";
				PRODUCT_NAME = "$(TARGET_NAME)";
				SKETCHBOOK_DIR = /Users/davidc/Dropbox/Development/Arduino;
			};
			name = Debug;
		};
		679753CA15C99607003F30DA /* Release */ = {
			isa = XCBuildConfiguration;
			buildSettings = {
				ALWAYS_SEARCH_USER_PATHS = YES;
				ARDUINO = 101;
				COPY_PHASE_STRIP = YES;
				GCC_C_LANGUAGE_STANDARD = gnu99;
				GCC_WARN_ABOUT_MISSING_PROTOTYPES = YES;
				GCC_WARN_ABOUT_RETURN_TYPE = YES;
				GCC_WARN_UNUSED_VARIABLE = YES;
				PATH = "$(PATH):$(PROJECT_DIR)";
				PRODUCT_NAME = "$(TARGET_NAME)";
				SKETCHBOOK_DIR = /Users/davidc/Dropbox/Development/Arduino;
			};
			name = Release;
		};
		679753CC15C99607003F30DA /* Debug */ = {
			isa = XCBuildConfiguration;
			buildSettings = {
				PRODUCT_NAME = "$(TARGET_NAME)";
			};
			name = Debug;
		};
		679753CD15C99607003F30DA /* Release */ = {
			isa = XCBuildConfiguration;
			buildSettings = {
				PRODUCT_NAME = "$(TARGET_NAME)";
			};
			name = Release;
		};
		679753CF15C99607003F30DA /* Debug */ = {
			isa = XCBuildConfiguration;
			buildSettings = {
			};
			name = Debug;
		};
		679753D015C99607003F30DA /* Release */ = {
			isa = XCBuildConfiguration;
			buildSettings = {
				BOARD_PORT = /dev/tty.usbmodem621;
			};
			name = Release;
		};
		679753D215C99607003F30DA /* Debug */ = {
			isa = XCBuildConfiguration;
			buildSettings = {
			};
			name = Debug;
		};
		679753D315C99607003F30DA /* Release */ = {
			isa = XCBuildConfiguration;
			buildSettings = {
			};
			name = Release;
		};
		679753D515C99607003F30DA /* Debug */ = {
			isa = XCBuildConfiguration;
			buildSettings = {
			};
			name = Debug;
		};
		679753D615C99607003F30DA /* Release */ = {
			isa = XCBuildConfiguration;
			buildSettings = {
			};
			name = Release;
		};
		679753D815C99607003F30DA /* Debug */ = {
			isa = XCBuildConfiguration;
			buildSettings = {
			};
			name = Debug;
		};
		679753D915C99607003F30DA /* Release */ = {
			isa = XCBuildConfiguration;
			buildSettings = {
			};
			name = Release;
		};
		679753DB15C99607003F30DA /* Debug */ = {
			isa = XCBuildConfiguration;
			buildSettings = {
			};
			name = Debug;
		};
		679753DC15C99607003F30DA /* Release */ = {
			isa = XCBuildConfiguration;
			buildSettings = {
				SKETCHBOOK_DIR = /Users/davidc/Dropbox/Development/Arduino;
			};
			name = Release;
		};
		679753DE15C99607003F30DA /* Debug */ = {
			isa = XCBuildConfiguration;
			buildSettings = {
			};
			name = Debug;
		};
		679753DF15C99607003F30DA /* Release */ = {
			isa = XCBuildConfiguration;
			buildSettings = {
			};
			name = Release;
		};
		679753E115C99607003F30DA /* Debug */ = {
			isa = XCBuildConfiguration;
			buildSettings = {
			};
			name = Debug;
		};
		679753E215C99607003F30DA /* Release */ = {
			isa = XCBuildConfiguration;
			buildSettings = {
			};
			name = Release;
		};
		679753E415C99607003F30DA /* Debug */ = {
			isa = XCBuildConfiguration;
			buildSettings = {
			};
			name = Debug;
		};
		679753E515C99607003F30DA /* Release */ = {
			isa = XCBuildConfiguration;
			buildSettings = {
			};
			name = Release;
		};
/* End XCBuildConfiguration section */

/* Begin XCConfigurationList section */
		6797507415C99600003F30DA /* Build configuration list for PBXProject "ds_motor" */ = {
			isa = XCConfigurationList;
			buildConfigurations = (
				679753C915C99607003F30DA /* Debug */,
				679753CA15C99607003F30DA /* Release */,
			);
			defaultConfigurationIsVisible = 0;
			defaultConfigurationName = Release;
		};
		679753CB15C99607003F30DA /* Build configuration list for PBXNativeTarget "Index" */ = {
			isa = XCConfigurationList;
			buildConfigurations = (
				679753CC15C99607003F30DA /* Debug */,
				679753CD15C99607003F30DA /* Release */,
			);
			defaultConfigurationIsVisible = 0;
			defaultConfigurationName = Release;
		};
		679753CE15C99607003F30DA /* Build configuration list for PBXLegacyTarget "Boards" */ = {
			isa = XCConfigurationList;
			buildConfigurations = (
				679753CF15C99607003F30DA /* Debug */,
				679753D015C99607003F30DA /* Release */,
			);
			defaultConfigurationIsVisible = 0;
			defaultConfigurationName = Release;
		};
		679753D115C99607003F30DA /* Build configuration list for PBXLegacyTarget "All" */ = {
			isa = XCConfigurationList;
			buildConfigurations = (
				679753D215C99607003F30DA /* Debug */,
				679753D315C99607003F30DA /* Release */,
			);
			defaultConfigurationIsVisible = 0;
			defaultConfigurationName = Release;
		};
		679753D415C99607003F30DA /* Build configuration list for PBXLegacyTarget "Serial" */ = {
			isa = XCConfigurationList;
			buildConfigurations = (
				679753D515C99607003F30DA /* Debug */,
				679753D615C99607003F30DA /* Release */,
			);
			defaultConfigurationIsVisible = 0;
			defaultConfigurationName = Release;
		};
		679753D715C99607003F30DA /* Build configuration list for PBXLegacyTarget "Upload" */ = {
			isa = XCConfigurationList;
			buildConfigurations = (
				679753D815C99607003F30DA /* Debug */,
				679753D915C99607003F30DA /* Release */,
			);
			defaultConfigurationIsVisible = 0;
			defaultConfigurationName = Release;
		};
		679753DA15C99607003F30DA /* Build configuration list for PBXLegacyTarget "Clean" */ = {
			isa = XCConfigurationList;
			buildConfigurations = (
				679753DB15C99607003F30DA /* Debug */,
				679753DC15C99607003F30DA /* Release */,
			);
			defaultConfigurationIsVisible = 0;
			defaultConfigurationName = Release;
		};
		679753DD15C99607003F30DA /* Build configuration list for PBXLegacyTarget "Make" */ = {
			isa = XCConfigurationList;
			buildConfigurations = (
				679753DE15C99607003F30DA /* Debug */,
				679753DF15C99607003F30DA /* Release */,
			);
			defaultConfigurationIsVisible = 0;
			defaultConfigurationName = Release;
		};
		679753E015C99607003F30DA /* Build configuration list for PBXLegacyTarget "Build" */ = {
			isa = XCConfigurationList;
			buildConfigurations = (
				679753E115C99607003F30DA /* Debug */,
				679753E215C99607003F30DA /* Release */,
			);
			defaultConfigurationIsVisible = 0;
			defaultConfigurationName = Release;
		};
		679753E315C99607003F30DA /* Build configuration list for PBXLegacyTarget "Document" */ = {
			isa = XCConfigurationList;
			buildConfigurations = (
				679753E415C99607003F30DA /* Debug */,
				679753E515C99607003F30DA /* Release */,
			);
			defaultConfigurationIsVisible = 0;
			defaultConfigurationName = Release;
		};
/* End XCConfigurationList section */
	};
	rootObject = 6797507115C99600003F30DA /* Project object */;
}
